// !$*UTF8*$!
{
	archiveVersion = 1;
	classes = {
	};
	objectVersion = 56;
	objects = {

/* Begin PBXBuildFile section */
		128FDC0E41310A7D638DBE66 /* Pods_RandomWeather.framework in Frameworks */ = {isa = PBXBuildFile; fileRef = ED6F6E6937183D455CC8009A /* Pods_RandomWeather.framework */; };
		2C90A0262B8D1609004F14BC /* View.swift in Sources */ = {isa = PBXBuildFile; fileRef = 2C90A0252B8D1609004F14BC /* View.swift */; };
		2C90A0282B8D161C004F14BC /* Spacing.swift in Sources */ = {isa = PBXBuildFile; fileRef = 2C90A0272B8D161C004F14BC /* Spacing.swift */; };
		2C90A02F2B8D1F21004F14BC /* MainView.swift in Sources */ = {isa = PBXBuildFile; fileRef = 2C90A02B2B8D1F21004F14BC /* MainView.swift */; };
		2C90A0302B8D1F21004F14BC /* MainViewController.swift in Sources */ = {isa = PBXBuildFile; fileRef = 2C90A02C2B8D1F21004F14BC /* MainViewController.swift */; };
		2C90A0312B8D1F21004F14BC /* MainViewModel.swift in Sources */ = {isa = PBXBuildFile; fileRef = 2C90A02D2B8D1F21004F14BC /* MainViewModel.swift */; };
		2C90A0322B8D1F21004F14BC /* MainViewState.swift in Sources */ = {isa = PBXBuildFile; fileRef = 2C90A02E2B8D1F21004F14BC /* MainViewState.swift */; };
		2C90A0352B8DE300004F14BC /* WeatherDataModel.swift in Sources */ = {isa = PBXBuildFile; fileRef = 2C90A0342B8DE300004F14BC /* WeatherDataModel.swift */; };
		2C90A0382B8E10CA004F14BC /* APIEndpoint.swift in Sources */ = {isa = PBXBuildFile; fileRef = 2C90A0372B8E10CA004F14BC /* APIEndpoint.swift */; };
		2C90A03A2B8E1115004F14BC /* APIClient.swift in Sources */ = {isa = PBXBuildFile; fileRef = 2C90A0392B8E1115004F14BC /* APIClient.swift */; };
		2C90A03C2B8E1151004F14BC /* URLSessionAPIClient.swift in Sources */ = {isa = PBXBuildFile; fileRef = 2C90A03B2B8E1151004F14BC /* URLSessionAPIClient.swift */; };
		2C90A03E2B8E1186004F14BC /* WeatherEndpoint.swift in Sources */ = {isa = PBXBuildFile; fileRef = 2C90A03D2B8E1186004F14BC /* WeatherEndpoint.swift */; };
		2C90A0472B8E1677004F14BC /* GetWeather.swift in Sources */ = {isa = PBXBuildFile; fileRef = 2C90A0462B8E1677004F14BC /* GetWeather.swift */; };
		2C90A04B2B8E16D5004F14BC /* WeatherDataModelMapper.swift in Sources */ = {isa = PBXBuildFile; fileRef = 2C90A04A2B8E16D5004F14BC /* WeatherDataModelMapper.swift */; };
		2C90A04E2B8E1729004F14BC /* WeatherModel.swift in Sources */ = {isa = PBXBuildFile; fileRef = 2C90A04D2B8E1729004F14BC /* WeatherModel.swift */; };
		2C90A0502B8E18CF004F14BC /* WeatherRequest.swift in Sources */ = {isa = PBXBuildFile; fileRef = 2C90A04F2B8E18CF004F14BC /* WeatherRequest.swift */; };
		2C90A0572B8E4FB7004F14BC /* URLSessionProtocol.swift in Sources */ = {isa = PBXBuildFile; fileRef = 2C90A0562B8E4FB7004F14BC /* URLSessionProtocol.swift */; };
		2C90A07C2B8F2701004F14BC /* MainInformationView.swift in Sources */ = {isa = PBXBuildFile; fileRef = 2C90A07B2B8F2701004F14BC /* MainInformationView.swift */; };
		2C90A07E2B8F272E004F14BC /* MainInformationViewModel.swift in Sources */ = {isa = PBXBuildFile; fileRef = 2C90A07D2B8F272E004F14BC /* MainInformationViewModel.swift */; };
		2C90A0812B8F2AEE004F14BC /* ST_MainInformationView.swift in Sources */ = {isa = PBXBuildFile; fileRef = 2C90A0802B8F2AEE004F14BC /* ST_MainInformationView.swift */; };
		2C90A0832B8F5BCC004F14BC /* Assets.xcassets in Resources */ = {isa = PBXBuildFile; fileRef = 2C90A0822B8F5BCC004F14BC /* Assets.xcassets */; };
		2C90A0862B8F5C37004F14BC /* KingFisher+MockImage.swift in Sources */ = {isa = PBXBuildFile; fileRef = 2C90A0852B8F5C37004F14BC /* KingFisher+MockImage.swift */; };
		2C90A08B2B8F6E85004F14BC /* Double+RoundedToPlaces.swift in Sources */ = {isa = PBXBuildFile; fileRef = 2C90A08A2B8F6E85004F14BC /* Double+RoundedToPlaces.swift */; };
		2C90A08D2B8F8212004F14BC /* WeatherToMainScreenViewModelMapper.swift in Sources */ = {isa = PBXBuildFile; fileRef = 2C90A08C2B8F8212004F14BC /* WeatherToMainScreenViewModelMapper.swift */; };
		2C90A08F2B8F829C004F14BC /* GetInformation.swift in Sources */ = {isa = PBXBuildFile; fileRef = 2C90A08E2B8F829C004F14BC /* GetInformation.swift */; };
		2C90A0912B8F8504004F14BC /* GetCoordinates.swift in Sources */ = {isa = PBXBuildFile; fileRef = 2C90A0902B8F8504004F14BC /* GetCoordinates.swift */; };
		2C90A0932B8F851C004F14BC /* WeatherCoordinates.swift in Sources */ = {isa = PBXBuildFile; fileRef = 2C90A0922B8F851C004F14BC /* WeatherCoordinates.swift */; };
		2C90A0952B8F9F30004F14BC /* WindInformationView.swift in Sources */ = {isa = PBXBuildFile; fileRef = 2C90A0942B8F9F30004F14BC /* WindInformationView.swift */; };
		2C90A0972B8FA132004F14BC /* UIImage+RotatedByDegrees.swift in Sources */ = {isa = PBXBuildFile; fileRef = 2C90A0962B8FA132004F14BC /* UIImage+RotatedByDegrees.swift */; };
		2C90A0992B8FA15C004F14BC /* WindInformationViewModel.swift in Sources */ = {isa = PBXBuildFile; fileRef = 2C90A0982B8FA15C004F14BC /* WindInformationViewModel.swift */; };
		2C90A09B2B8FA232004F14BC /* ST_WindInformationView.swift in Sources */ = {isa = PBXBuildFile; fileRef = 2C90A09A2B8FA232004F14BC /* ST_WindInformationView.swift */; };
		2C90A09D2B8FA6F1004F14BC /* UILabel+Underline.swift in Sources */ = {isa = PBXBuildFile; fileRef = 2C90A09C2B8FA6F1004F14BC /* UILabel+Underline.swift */; };
		2C90A09F2B8FABFA004F14BC /* SeparatorView.swift in Sources */ = {isa = PBXBuildFile; fileRef = 2C90A09E2B8FABFA004F14BC /* SeparatorView.swift */; };
		2C90A0A12B8FB33B004F14BC /* Haptics.swift in Sources */ = {isa = PBXBuildFile; fileRef = 2C90A0A02B8FB33B004F14BC /* Haptics.swift */; };
		2C90A0A32B8FB439004F14BC /* UIAlertController+show.swift in Sources */ = {isa = PBXBuildFile; fileRef = 2C90A0A22B8FB439004F14BC /* UIAlertController+show.swift */; };
		2C90A0A52B8FB6F4004F14BC /* ExtraInformationView.swift in Sources */ = {isa = PBXBuildFile; fileRef = 2C90A0A42B8FB6F4004F14BC /* ExtraInformationView.swift */; };
		2C90A0A72B8FB741004F14BC /* ExtraInformationViewModel.swift in Sources */ = {isa = PBXBuildFile; fileRef = 2C90A0A62B8FB741004F14BC /* ExtraInformationViewModel.swift */; };
		2C90A0A92B8FB805004F14BC /* ST_ExtraInformationView.swift in Sources */ = {isa = PBXBuildFile; fileRef = 2C90A0A82B8FB805004F14BC /* ST_ExtraInformationView.swift */; };
		2C90A0AB2B8FBA9A004F14BC /* Double+TimeFormat.swift in Sources */ = {isa = PBXBuildFile; fileRef = 2C90A0AA2B8FBA9A004F14BC /* Double+TimeFormat.swift */; };
		2C90A0AD2B8FBACA004F14BC /* Double+ToCelcius.swift in Sources */ = {isa = PBXBuildFile; fileRef = 2C90A0AC2B8FBACA004F14BC /* Double+ToCelcius.swift */; };
		2C90A0AF2B8FD72A004F14BC /* SunInformationView.swift in Sources */ = {isa = PBXBuildFile; fileRef = 2C90A0AE2B8FD72A004F14BC /* SunInformationView.swift */; };
		2C90A0B12B8FD734004F14BC /* SunInformationViewModel.swift in Sources */ = {isa = PBXBuildFile; fileRef = 2C90A0B02B8FD734004F14BC /* SunInformationViewModel.swift */; };
		2C90A0B32B8FD879004F14BC /* ST_SunInformationView.swift in Sources */ = {isa = PBXBuildFile; fileRef = 2C90A0B22B8FD879004F14BC /* ST_SunInformationView.swift */; };
		2C90A0B82B8FDF25004F14BC /* WeatherToMainScreenViewModelMapperSpec.swift in Sources */ = {isa = PBXBuildFile; fileRef = 2C90A0B72B8FDF25004F14BC /* WeatherToMainScreenViewModelMapperSpec.swift */; };
		2C90A0BA2B8FE2BA004F14BC /* WeatherDataModelMapperSpec.swift in Sources */ = {isa = PBXBuildFile; fileRef = 2C90A0B92B8FE2BA004F14BC /* WeatherDataModelMapperSpec.swift */; };
		2C90A0BD2B8FE6A6004F14BC /* MainViewModelSpec.swift in Sources */ = {isa = PBXBuildFile; fileRef = 2C90A0BC2B8FE6A6004F14BC /* MainViewModelSpec.swift */; };
		2C9ABEA42B8D125100878205 /* AppDelegate.swift in Sources */ = {isa = PBXBuildFile; fileRef = 2C9ABEA32B8D125100878205 /* AppDelegate.swift */; };
		2C9ABEA62B8D125100878205 /* SceneDelegate.swift in Sources */ = {isa = PBXBuildFile; fileRef = 2C9ABEA52B8D125100878205 /* SceneDelegate.swift */; };
		2C9ABEAD2B8D125300878205 /* Assets.xcassets in Resources */ = {isa = PBXBuildFile; fileRef = 2C9ABEAC2B8D125300878205 /* Assets.xcassets */; };
		2C9ABEB02B8D125300878205 /* LaunchScreen.storyboard in Resources */ = {isa = PBXBuildFile; fileRef = 2C9ABEAE2B8D125300878205 /* LaunchScreen.storyboard */; };
		6692F76FDE105E048D4EFF7F /* Pods_RandomWeatherTests.framework in Frameworks */ = {isa = PBXBuildFile; fileRef = 58229E09B52AF6E30B5F9E5A /* Pods_RandomWeatherTests.framework */; };
/* End PBXBuildFile section */

/* Begin PBXContainerItemProxy section */
		2C9ABEB72B8D125300878205 /* PBXContainerItemProxy */ = {
			isa = PBXContainerItemProxy;
			containerPortal = 2C9ABE982B8D125100878205 /* Project object */;
			proxyType = 1;
			remoteGlobalIDString = 2C9ABE9F2B8D125100878205;
			remoteInfo = RandomWeather;
		};
/* End PBXContainerItemProxy section */

/* Begin PBXFileReference section */
		1DBE285E97E999C13E8886B4 /* Pods-RandomWeather.release.xcconfig */ = {isa = PBXFileReference; includeInIndex = 1; lastKnownFileType = text.xcconfig; name = "Pods-RandomWeather.release.xcconfig"; path = "Target Support Files/Pods-RandomWeather/Pods-RandomWeather.release.xcconfig"; sourceTree = "<group>"; };
		2C90A0252B8D1609004F14BC /* View.swift */ = {isa = PBXFileReference; lastKnownFileType = sourcecode.swift; path = View.swift; sourceTree = "<group>"; };
		2C90A0272B8D161C004F14BC /* Spacing.swift */ = {isa = PBXFileReference; lastKnownFileType = sourcecode.swift; path = Spacing.swift; sourceTree = "<group>"; };
		2C90A02B2B8D1F21004F14BC /* MainView.swift */ = {isa = PBXFileReference; lastKnownFileType = sourcecode.swift; path = MainView.swift; sourceTree = "<group>"; };
		2C90A02C2B8D1F21004F14BC /* MainViewController.swift */ = {isa = PBXFileReference; lastKnownFileType = sourcecode.swift; path = MainViewController.swift; sourceTree = "<group>"; };
		2C90A02D2B8D1F21004F14BC /* MainViewModel.swift */ = {isa = PBXFileReference; lastKnownFileType = sourcecode.swift; path = MainViewModel.swift; sourceTree = "<group>"; };
		2C90A02E2B8D1F21004F14BC /* MainViewState.swift */ = {isa = PBXFileReference; lastKnownFileType = sourcecode.swift; path = MainViewState.swift; sourceTree = "<group>"; };
		2C90A0342B8DE300004F14BC /* WeatherDataModel.swift */ = {isa = PBXFileReference; lastKnownFileType = sourcecode.swift; path = WeatherDataModel.swift; sourceTree = "<group>"; };
		2C90A0372B8E10CA004F14BC /* APIEndpoint.swift */ = {isa = PBXFileReference; lastKnownFileType = sourcecode.swift; path = APIEndpoint.swift; sourceTree = "<group>"; };
		2C90A0392B8E1115004F14BC /* APIClient.swift */ = {isa = PBXFileReference; lastKnownFileType = sourcecode.swift; path = APIClient.swift; sourceTree = "<group>"; };
		2C90A03B2B8E1151004F14BC /* URLSessionAPIClient.swift */ = {isa = PBXFileReference; lastKnownFileType = sourcecode.swift; path = URLSessionAPIClient.swift; sourceTree = "<group>"; };
		2C90A03D2B8E1186004F14BC /* WeatherEndpoint.swift */ = {isa = PBXFileReference; lastKnownFileType = sourcecode.swift; path = WeatherEndpoint.swift; sourceTree = "<group>"; };
		2C90A0462B8E1677004F14BC /* GetWeather.swift */ = {isa = PBXFileReference; lastKnownFileType = sourcecode.swift; path = GetWeather.swift; sourceTree = "<group>"; };
		2C90A04A2B8E16D5004F14BC /* WeatherDataModelMapper.swift */ = {isa = PBXFileReference; lastKnownFileType = sourcecode.swift; path = WeatherDataModelMapper.swift; sourceTree = "<group>"; };
		2C90A04D2B8E1729004F14BC /* WeatherModel.swift */ = {isa = PBXFileReference; lastKnownFileType = sourcecode.swift; path = WeatherModel.swift; sourceTree = "<group>"; };
		2C90A04F2B8E18CF004F14BC /* WeatherRequest.swift */ = {isa = PBXFileReference; lastKnownFileType = sourcecode.swift; path = WeatherRequest.swift; sourceTree = "<group>"; };
		2C90A0562B8E4FB7004F14BC /* URLSessionProtocol.swift */ = {isa = PBXFileReference; lastKnownFileType = sourcecode.swift; path = URLSessionProtocol.swift; sourceTree = "<group>"; };
		2C90A07B2B8F2701004F14BC /* MainInformationView.swift */ = {isa = PBXFileReference; lastKnownFileType = sourcecode.swift; path = MainInformationView.swift; sourceTree = "<group>"; };
		2C90A07D2B8F272E004F14BC /* MainInformationViewModel.swift */ = {isa = PBXFileReference; lastKnownFileType = sourcecode.swift; path = MainInformationViewModel.swift; sourceTree = "<group>"; };
		2C90A0802B8F2AEE004F14BC /* ST_MainInformationView.swift */ = {isa = PBXFileReference; lastKnownFileType = sourcecode.swift; path = ST_MainInformationView.swift; sourceTree = "<group>"; };
		2C90A0822B8F5BCC004F14BC /* Assets.xcassets */ = {isa = PBXFileReference; lastKnownFileType = folder.assetcatalog; path = Assets.xcassets; sourceTree = "<group>"; };
		2C90A0852B8F5C37004F14BC /* KingFisher+MockImage.swift */ = {isa = PBXFileReference; lastKnownFileType = sourcecode.swift; path = "KingFisher+MockImage.swift"; sourceTree = "<group>"; };
		2C90A08A2B8F6E85004F14BC /* Double+RoundedToPlaces.swift */ = {isa = PBXFileReference; lastKnownFileType = sourcecode.swift; path = "Double+RoundedToPlaces.swift"; sourceTree = "<group>"; };
		2C90A08C2B8F8212004F14BC /* WeatherToMainScreenViewModelMapper.swift */ = {isa = PBXFileReference; lastKnownFileType = sourcecode.swift; path = WeatherToMainScreenViewModelMapper.swift; sourceTree = "<group>"; };
		2C90A08E2B8F829C004F14BC /* GetInformation.swift */ = {isa = PBXFileReference; lastKnownFileType = sourcecode.swift; path = GetInformation.swift; sourceTree = "<group>"; };
		2C90A0902B8F8504004F14BC /* GetCoordinates.swift */ = {isa = PBXFileReference; lastKnownFileType = sourcecode.swift; path = GetCoordinates.swift; sourceTree = "<group>"; };
		2C90A0922B8F851C004F14BC /* WeatherCoordinates.swift */ = {isa = PBXFileReference; lastKnownFileType = sourcecode.swift; path = WeatherCoordinates.swift; sourceTree = "<group>"; };
		2C90A0942B8F9F30004F14BC /* WindInformationView.swift */ = {isa = PBXFileReference; lastKnownFileType = sourcecode.swift; path = WindInformationView.swift; sourceTree = "<group>"; };
		2C90A0962B8FA132004F14BC /* UIImage+RotatedByDegrees.swift */ = {isa = PBXFileReference; lastKnownFileType = sourcecode.swift; path = "UIImage+RotatedByDegrees.swift"; sourceTree = "<group>"; };
		2C90A0982B8FA15C004F14BC /* WindInformationViewModel.swift */ = {isa = PBXFileReference; lastKnownFileType = sourcecode.swift; path = WindInformationViewModel.swift; sourceTree = "<group>"; };
		2C90A09A2B8FA232004F14BC /* ST_WindInformationView.swift */ = {isa = PBXFileReference; lastKnownFileType = sourcecode.swift; path = ST_WindInformationView.swift; sourceTree = "<group>"; };
		2C90A09C2B8FA6F1004F14BC /* UILabel+Underline.swift */ = {isa = PBXFileReference; lastKnownFileType = sourcecode.swift; path = "UILabel+Underline.swift"; sourceTree = "<group>"; };
		2C90A09E2B8FABFA004F14BC /* SeparatorView.swift */ = {isa = PBXFileReference; lastKnownFileType = sourcecode.swift; path = SeparatorView.swift; sourceTree = "<group>"; };
		2C90A0A02B8FB33B004F14BC /* Haptics.swift */ = {isa = PBXFileReference; lastKnownFileType = sourcecode.swift; path = Haptics.swift; sourceTree = "<group>"; };
		2C90A0A22B8FB439004F14BC /* UIAlertController+show.swift */ = {isa = PBXFileReference; lastKnownFileType = sourcecode.swift; path = "UIAlertController+show.swift"; sourceTree = "<group>"; };
		2C90A0A42B8FB6F4004F14BC /* ExtraInformationView.swift */ = {isa = PBXFileReference; lastKnownFileType = sourcecode.swift; path = ExtraInformationView.swift; sourceTree = "<group>"; };
		2C90A0A62B8FB741004F14BC /* ExtraInformationViewModel.swift */ = {isa = PBXFileReference; lastKnownFileType = sourcecode.swift; path = ExtraInformationViewModel.swift; sourceTree = "<group>"; };
		2C90A0A82B8FB805004F14BC /* ST_ExtraInformationView.swift */ = {isa = PBXFileReference; lastKnownFileType = sourcecode.swift; path = ST_ExtraInformationView.swift; sourceTree = "<group>"; };
		2C90A0AA2B8FBA9A004F14BC /* Double+TimeFormat.swift */ = {isa = PBXFileReference; lastKnownFileType = sourcecode.swift; path = "Double+TimeFormat.swift"; sourceTree = "<group>"; };
		2C90A0AC2B8FBACA004F14BC /* Double+ToCelcius.swift */ = {isa = PBXFileReference; lastKnownFileType = sourcecode.swift; path = "Double+ToCelcius.swift"; sourceTree = "<group>"; };
		2C90A0AE2B8FD72A004F14BC /* SunInformationView.swift */ = {isa = PBXFileReference; lastKnownFileType = sourcecode.swift; path = SunInformationView.swift; sourceTree = "<group>"; };
		2C90A0B02B8FD734004F14BC /* SunInformationViewModel.swift */ = {isa = PBXFileReference; lastKnownFileType = sourcecode.swift; path = SunInformationViewModel.swift; sourceTree = "<group>"; };
		2C90A0B22B8FD879004F14BC /* ST_SunInformationView.swift */ = {isa = PBXFileReference; lastKnownFileType = sourcecode.swift; path = ST_SunInformationView.swift; sourceTree = "<group>"; };
		2C90A0B72B8FDF25004F14BC /* WeatherToMainScreenViewModelMapperSpec.swift */ = {isa = PBXFileReference; lastKnownFileType = sourcecode.swift; path = WeatherToMainScreenViewModelMapperSpec.swift; sourceTree = "<group>"; };
		2C90A0B92B8FE2BA004F14BC /* WeatherDataModelMapperSpec.swift */ = {isa = PBXFileReference; lastKnownFileType = sourcecode.swift; path = WeatherDataModelMapperSpec.swift; sourceTree = "<group>"; };
		2C90A0BC2B8FE6A6004F14BC /* MainViewModelSpec.swift */ = {isa = PBXFileReference; lastKnownFileType = sourcecode.swift; path = MainViewModelSpec.swift; sourceTree = "<group>"; };
		2C9ABEA02B8D125100878205 /* RandomWeather.app */ = {isa = PBXFileReference; explicitFileType = wrapper.application; includeInIndex = 0; path = RandomWeather.app; sourceTree = BUILT_PRODUCTS_DIR; };
		2C9ABEA32B8D125100878205 /* AppDelegate.swift */ = {isa = PBXFileReference; lastKnownFileType = sourcecode.swift; path = AppDelegate.swift; sourceTree = "<group>"; };
		2C9ABEA52B8D125100878205 /* SceneDelegate.swift */ = {isa = PBXFileReference; lastKnownFileType = sourcecode.swift; path = SceneDelegate.swift; sourceTree = "<group>"; };
		2C9ABEAC2B8D125300878205 /* Assets.xcassets */ = {isa = PBXFileReference; lastKnownFileType = folder.assetcatalog; path = Assets.xcassets; sourceTree = "<group>"; };
		2C9ABEAF2B8D125300878205 /* Base */ = {isa = PBXFileReference; lastKnownFileType = file.storyboard; name = Base; path = Base.lproj/LaunchScreen.storyboard; sourceTree = "<group>"; };
		2C9ABEB12B8D125300878205 /* Info.plist */ = {isa = PBXFileReference; lastKnownFileType = text.plist.xml; path = Info.plist; sourceTree = "<group>"; };
		2C9ABEB62B8D125300878205 /* RandomWeatherTests.xctest */ = {isa = PBXFileReference; explicitFileType = wrapper.cfbundle; includeInIndex = 0; path = RandomWeatherTests.xctest; sourceTree = BUILT_PRODUCTS_DIR; };
		58229E09B52AF6E30B5F9E5A /* Pods_RandomWeatherTests.framework */ = {isa = PBXFileReference; explicitFileType = wrapper.framework; includeInIndex = 0; path = Pods_RandomWeatherTests.framework; sourceTree = BUILT_PRODUCTS_DIR; };
		5F76AE7D9F6BCC9FCC739D77 /* Pods-RandomWeatherTests.release.xcconfig */ = {isa = PBXFileReference; includeInIndex = 1; lastKnownFileType = text.xcconfig; name = "Pods-RandomWeatherTests.release.xcconfig"; path = "Target Support Files/Pods-RandomWeatherTests/Pods-RandomWeatherTests.release.xcconfig"; sourceTree = "<group>"; };
		7FBB458DF0BBFC5F54E59A6E /* Pods-RandomWeather.debug.xcconfig */ = {isa = PBXFileReference; includeInIndex = 1; lastKnownFileType = text.xcconfig; name = "Pods-RandomWeather.debug.xcconfig"; path = "Target Support Files/Pods-RandomWeather/Pods-RandomWeather.debug.xcconfig"; sourceTree = "<group>"; };
		D596AB2D550AA5A37717C45D /* Pods-RandomWeatherTests.debug.xcconfig */ = {isa = PBXFileReference; includeInIndex = 1; lastKnownFileType = text.xcconfig; name = "Pods-RandomWeatherTests.debug.xcconfig"; path = "Target Support Files/Pods-RandomWeatherTests/Pods-RandomWeatherTests.debug.xcconfig"; sourceTree = "<group>"; };
		ED6F6E6937183D455CC8009A /* Pods_RandomWeather.framework */ = {isa = PBXFileReference; explicitFileType = wrapper.framework; includeInIndex = 0; path = Pods_RandomWeather.framework; sourceTree = BUILT_PRODUCTS_DIR; };
/* End PBXFileReference section */

/* Begin PBXFrameworksBuildPhase section */
		2C9ABE9D2B8D125100878205 /* Frameworks */ = {
			isa = PBXFrameworksBuildPhase;
			buildActionMask = 2147483647;
			files = (
				128FDC0E41310A7D638DBE66 /* Pods_RandomWeather.framework in Frameworks */,
			);
			runOnlyForDeploymentPostprocessing = 0;
		};
		2C9ABEB32B8D125300878205 /* Frameworks */ = {
			isa = PBXFrameworksBuildPhase;
			buildActionMask = 2147483647;
			files = (
				6692F76FDE105E048D4EFF7F /* Pods_RandomWeatherTests.framework in Frameworks */,
			);
			runOnlyForDeploymentPostprocessing = 0;
		};
/* End PBXFrameworksBuildPhase section */

/* Begin PBXGroup section */
		2C90A0232B8D136E004F14BC /* Core */ = {
			isa = PBXGroup;
			children = (
				2C90A0872B8F6819004F14BC /* Common */,
				2C90A0362B8E10B1004F14BC /* Network */,
				2C90A0242B8D15F5004F14BC /* UI */,
				2C9ABEA32B8D125100878205 /* AppDelegate.swift */,
				2C9ABEA52B8D125100878205 /* SceneDelegate.swift */,
			);
			path = Core;
			sourceTree = "<group>";
		};
		2C90A0242B8D15F5004F14BC /* UI */ = {
			isa = PBXGroup;
			children = (
				2C90A0252B8D1609004F14BC /* View.swift */,
				2C90A0272B8D161C004F14BC /* Spacing.swift */,
			);
			path = UI;
			sourceTree = "<group>";
		};
		2C90A0292B8D1EE8004F14BC /* Features */ = {
			isa = PBXGroup;
			children = (
				2C90A02A2B8D1F09004F14BC /* Main */,
			);
			path = Features;
			sourceTree = "<group>";
		};
		2C90A02A2B8D1F09004F14BC /* Main */ = {
			isa = PBXGroup;
			children = (
				2C90A02B2B8D1F21004F14BC /* MainView.swift */,
				2C90A02C2B8D1F21004F14BC /* MainViewController.swift */,
				2C90A02D2B8D1F21004F14BC /* MainViewModel.swift */,
				2C90A02E2B8D1F21004F14BC /* MainViewState.swift */,
				2C90A07A2B8F26A9004F14BC /* Subviews */,
			);
			path = Main;
			sourceTree = "<group>";
		};
		2C90A0332B8DE28B004F14BC /* Data */ = {
			isa = PBXGroup;
			children = (
				2C90A0342B8DE300004F14BC /* WeatherDataModel.swift */,
				2C90A03D2B8E1186004F14BC /* WeatherEndpoint.swift */,
				2C90A04F2B8E18CF004F14BC /* WeatherRequest.swift */,
			);
			path = Data;
			sourceTree = "<group>";
		};
		2C90A0362B8E10B1004F14BC /* Network */ = {
			isa = PBXGroup;
			children = (
				2C90A0372B8E10CA004F14BC /* APIEndpoint.swift */,
				2C90A0392B8E1115004F14BC /* APIClient.swift */,
				2C90A0562B8E4FB7004F14BC /* URLSessionProtocol.swift */,
				2C90A03B2B8E1151004F14BC /* URLSessionAPIClient.swift */,
			);
			path = Network;
			sourceTree = "<group>";
		};
		2C90A0452B8E166B004F14BC /* UseCases */ = {
			isa = PBXGroup;
			children = (
				2C90A0462B8E1677004F14BC /* GetWeather.swift */,
				2C90A08E2B8F829C004F14BC /* GetInformation.swift */,
				2C90A0902B8F8504004F14BC /* GetCoordinates.swift */,
			);
			path = UseCases;
			sourceTree = "<group>";
		};
		2C90A0482B8E1687004F14BC /* Domain */ = {
			isa = PBXGroup;
			children = (
				2C90A04C2B8E1719004F14BC /* Models */,
				2C90A0492B8E16C5004F14BC /* Mappers */,
				2C90A0452B8E166B004F14BC /* UseCases */,
			);
			path = Domain;
			sourceTree = "<group>";
		};
		2C90A0492B8E16C5004F14BC /* Mappers */ = {
			isa = PBXGroup;
			children = (
				2C90A04A2B8E16D5004F14BC /* WeatherDataModelMapper.swift */,
				2C90A08C2B8F8212004F14BC /* WeatherToMainScreenViewModelMapper.swift */,
			);
			path = Mappers;
			sourceTree = "<group>";
		};
		2C90A04C2B8E1719004F14BC /* Models */ = {
			isa = PBXGroup;
			children = (
				2C90A04D2B8E1729004F14BC /* WeatherModel.swift */,
				2C90A0922B8F851C004F14BC /* WeatherCoordinates.swift */,
			);
			path = Models;
			sourceTree = "<group>";
		};
		2C90A07A2B8F26A9004F14BC /* Subviews */ = {
			isa = PBXGroup;
			children = (
				2C90A07B2B8F2701004F14BC /* MainInformationView.swift */,
				2C90A07D2B8F272E004F14BC /* MainInformationViewModel.swift */,
				2C90A0AE2B8FD72A004F14BC /* SunInformationView.swift */,
				2C90A0B02B8FD734004F14BC /* SunInformationViewModel.swift */,
				2C90A0942B8F9F30004F14BC /* WindInformationView.swift */,
				2C90A0982B8FA15C004F14BC /* WindInformationViewModel.swift */,
				2C90A0A42B8FB6F4004F14BC /* ExtraInformationView.swift */,
				2C90A0A62B8FB741004F14BC /* ExtraInformationViewModel.swift */,
				2C90A09E2B8FABFA004F14BC /* SeparatorView.swift */,
			);
			path = Subviews;
			sourceTree = "<group>";
		};
		2C90A07F2B8F2ADF004F14BC /* Views */ = {
			isa = PBXGroup;
			children = (
				2C90A0802B8F2AEE004F14BC /* ST_MainInformationView.swift */,
				2C90A0B22B8FD879004F14BC /* ST_SunInformationView.swift */,
				2C90A09A2B8FA232004F14BC /* ST_WindInformationView.swift */,
				2C90A0A82B8FB805004F14BC /* ST_ExtraInformationView.swift */,
			);
			path = Views;
			sourceTree = "<group>";
		};
		2C90A0842B8F5C28004F14BC /* Utils */ = {
			isa = PBXGroup;
			children = (
				2C90A0852B8F5C37004F14BC /* KingFisher+MockImage.swift */,
			);
			path = Utils;
			sourceTree = "<group>";
		};
		2C90A0872B8F6819004F14BC /* Common */ = {
			isa = PBXGroup;
			children = (
				2C90A08A2B8F6E85004F14BC /* Double+RoundedToPlaces.swift */,
				2C90A0962B8FA132004F14BC /* UIImage+RotatedByDegrees.swift */,
				2C90A09C2B8FA6F1004F14BC /* UILabel+Underline.swift */,
				2C90A0A02B8FB33B004F14BC /* Haptics.swift */,
				2C90A0A22B8FB439004F14BC /* UIAlertController+show.swift */,
				2C90A0AA2B8FBA9A004F14BC /* Double+TimeFormat.swift */,
				2C90A0AC2B8FBACA004F14BC /* Double+ToCelcius.swift */,
			);
			path = Common;
			sourceTree = "<group>";
		};
		2C90A0B62B8FDF13004F14BC /* Mappers */ = {
			isa = PBXGroup;
			children = (
				2C90A0B92B8FE2BA004F14BC /* WeatherDataModelMapperSpec.swift */,
				2C90A0B72B8FDF25004F14BC /* WeatherToMainScreenViewModelMapperSpec.swift */,
			);
			path = Mappers;
			sourceTree = "<group>";
		};
		2C90A0BB2B8FE67B004F14BC /* ViewModels */ = {
			isa = PBXGroup;
			children = (
				2C90A0BC2B8FE6A6004F14BC /* MainViewModelSpec.swift */,
			);
			path = ViewModels;
			sourceTree = "<group>";
		};
		2C9ABE972B8D125100878205 = {
			isa = PBXGroup;
			children = (
				2C9ABEA22B8D125100878205 /* RandomWeather */,
				2C9ABEB92B8D125300878205 /* RandomWeatherTests */,
				2C9ABEA12B8D125100878205 /* Products */,
				3EC522297F121413322EAE8F /* Pods */,
				676D0A6EDEE4F683E95B3C65 /* Frameworks */,
			);
			sourceTree = "<group>";
		};
		2C9ABEA12B8D125100878205 /* Products */ = {
			isa = PBXGroup;
			children = (
				2C9ABEA02B8D125100878205 /* RandomWeather.app */,
				2C9ABEB62B8D125300878205 /* RandomWeatherTests.xctest */,
			);
			name = Products;
			sourceTree = "<group>";
		};
		2C9ABEA22B8D125100878205 /* RandomWeather */ = {
			isa = PBXGroup;
			children = (
				2C90A0232B8D136E004F14BC /* Core */,
				2C90A0292B8D1EE8004F14BC /* Features */,
				2C90A0332B8DE28B004F14BC /* Data */,
				2C90A0482B8E1687004F14BC /* Domain */,
				2C9ABEAC2B8D125300878205 /* Assets.xcassets */,
				2C9ABEAE2B8D125300878205 /* LaunchScreen.storyboard */,
				2C9ABEB12B8D125300878205 /* Info.plist */,
			);
			path = RandomWeather;
			sourceTree = "<group>";
		};
		2C9ABEB92B8D125300878205 /* RandomWeatherTests */ = {
			isa = PBXGroup;
			children = (
				2C90A0BB2B8FE67B004F14BC /* ViewModels */,
				2C90A0842B8F5C28004F14BC /* Utils */,
				2C90A0B62B8FDF13004F14BC /* Mappers */,
				2C90A07F2B8F2ADF004F14BC /* Views */,
				2C90A0822B8F5BCC004F14BC /* Assets.xcassets */,
			);
			path = RandomWeatherTests;
			sourceTree = "<group>";
		};
		3EC522297F121413322EAE8F /* Pods */ = {
			isa = PBXGroup;
			children = (
				7FBB458DF0BBFC5F54E59A6E /* Pods-RandomWeather.debug.xcconfig */,
				1DBE285E97E999C13E8886B4 /* Pods-RandomWeather.release.xcconfig */,
				D596AB2D550AA5A37717C45D /* Pods-RandomWeatherTests.debug.xcconfig */,
				5F76AE7D9F6BCC9FCC739D77 /* Pods-RandomWeatherTests.release.xcconfig */,
			);
			path = Pods;
			sourceTree = "<group>";
		};
		676D0A6EDEE4F683E95B3C65 /* Frameworks */ = {
			isa = PBXGroup;
			children = (
				ED6F6E6937183D455CC8009A /* Pods_RandomWeather.framework */,
				58229E09B52AF6E30B5F9E5A /* Pods_RandomWeatherTests.framework */,
			);
			name = Frameworks;
			sourceTree = "<group>";
		};
/* End PBXGroup section */

/* Begin PBXNativeTarget section */
		2C9ABE9F2B8D125100878205 /* RandomWeather */ = {
			isa = PBXNativeTarget;
			buildConfigurationList = 2C9ABECA2B8D125400878205 /* Build configuration list for PBXNativeTarget "RandomWeather" */;
			buildPhases = (
				0812F2E7D13D8BCF0BAED21B /* [CP] Check Pods Manifest.lock */,
				2C9ABE9C2B8D125100878205 /* Sources */,
				2C9ABE9D2B8D125100878205 /* Frameworks */,
				2C9ABE9E2B8D125100878205 /* Resources */,
				4C417E24742AFC68E4F954E2 /* [CP] Embed Pods Frameworks */,
			);
			buildRules = (
			);
			dependencies = (
			);
			name = RandomWeather;
			productName = RandomWeather;
			productReference = 2C9ABEA02B8D125100878205 /* RandomWeather.app */;
			productType = "com.apple.product-type.application";
		};
		2C9ABEB52B8D125300878205 /* RandomWeatherTests */ = {
			isa = PBXNativeTarget;
			buildConfigurationList = 2C9ABECD2B8D125400878205 /* Build configuration list for PBXNativeTarget "RandomWeatherTests" */;
			buildPhases = (
				BD84291297FE38F8FD7B99A4 /* [CP] Check Pods Manifest.lock */,
				2C9ABEB22B8D125300878205 /* Sources */,
				2C9ABEB32B8D125300878205 /* Frameworks */,
				2C9ABEB42B8D125300878205 /* Resources */,
				B1F33ABDE5A5DB03AE344FC7 /* [CP] Embed Pods Frameworks */,
			);
			buildRules = (
			);
			dependencies = (
				2C9ABEB82B8D125300878205 /* PBXTargetDependency */,
			);
			name = RandomWeatherTests;
			productName = RandomWeatherTests;
			productReference = 2C9ABEB62B8D125300878205 /* RandomWeatherTests.xctest */;
			productType = "com.apple.product-type.bundle.unit-test";
		};
/* End PBXNativeTarget section */

/* Begin PBXProject section */
		2C9ABE982B8D125100878205 /* Project object */ = {
			isa = PBXProject;
			attributes = {
				BuildIndependentTargetsInParallel = 1;
				LastSwiftUpdateCheck = 1520;
				LastUpgradeCheck = 1520;
				TargetAttributes = {
					2C9ABE9F2B8D125100878205 = {
						CreatedOnToolsVersion = 15.2;
					};
					2C9ABEB52B8D125300878205 = {
						CreatedOnToolsVersion = 15.2;
						LastSwiftMigration = 1520;
						TestTargetID = 2C9ABE9F2B8D125100878205;
					};
				};
			};
			buildConfigurationList = 2C9ABE9B2B8D125100878205 /* Build configuration list for PBXProject "RandomWeather" */;
			compatibilityVersion = "Xcode 14.0";
			developmentRegion = en;
			hasScannedForEncodings = 0;
			knownRegions = (
				en,
				Base,
			);
			mainGroup = 2C9ABE972B8D125100878205;
			productRefGroup = 2C9ABEA12B8D125100878205 /* Products */;
			projectDirPath = "";
			projectRoot = "";
			targets = (
				2C9ABE9F2B8D125100878205 /* RandomWeather */,
				2C9ABEB52B8D125300878205 /* RandomWeatherTests */,
			);
		};
/* End PBXProject section */

/* Begin PBXResourcesBuildPhase section */
		2C9ABE9E2B8D125100878205 /* Resources */ = {
			isa = PBXResourcesBuildPhase;
			buildActionMask = 2147483647;
			files = (
				2C9ABEB02B8D125300878205 /* LaunchScreen.storyboard in Resources */,
				2C9ABEAD2B8D125300878205 /* Assets.xcassets in Resources */,
			);
			runOnlyForDeploymentPostprocessing = 0;
		};
		2C9ABEB42B8D125300878205 /* Resources */ = {
			isa = PBXResourcesBuildPhase;
			buildActionMask = 2147483647;
			files = (
				2C90A0832B8F5BCC004F14BC /* Assets.xcassets in Resources */,
			);
			runOnlyForDeploymentPostprocessing = 0;
		};
/* End PBXResourcesBuildPhase section */

/* Begin PBXShellScriptBuildPhase section */
		0812F2E7D13D8BCF0BAED21B /* [CP] Check Pods Manifest.lock */ = {
			isa = PBXShellScriptBuildPhase;
			buildActionMask = 2147483647;
			files = (
			);
			inputFileListPaths = (
			);
			inputPaths = (
				"${PODS_PODFILE_DIR_PATH}/Podfile.lock",
				"${PODS_ROOT}/Manifest.lock",
			);
			name = "[CP] Check Pods Manifest.lock";
			outputFileListPaths = (
			);
			outputPaths = (
				"$(DERIVED_FILE_DIR)/Pods-RandomWeather-checkManifestLockResult.txt",
			);
			runOnlyForDeploymentPostprocessing = 0;
			shellPath = /bin/sh;
			shellScript = "diff \"${PODS_PODFILE_DIR_PATH}/Podfile.lock\" \"${PODS_ROOT}/Manifest.lock\" > /dev/null\nif [ $? != 0 ] ; then\n    # print error to STDERR\n    echo \"error: The sandbox is not in sync with the Podfile.lock. Run 'pod install' or update your CocoaPods installation.\" >&2\n    exit 1\nfi\n# This output is used by Xcode 'outputs' to avoid re-running this script phase.\necho \"SUCCESS\" > \"${SCRIPT_OUTPUT_FILE_0}\"\n";
			showEnvVarsInLog = 0;
		};
		4C417E24742AFC68E4F954E2 /* [CP] Embed Pods Frameworks */ = {
			isa = PBXShellScriptBuildPhase;
			buildActionMask = 2147483647;
			files = (
			);
			inputFileListPaths = (
				"${PODS_ROOT}/Target Support Files/Pods-RandomWeather/Pods-RandomWeather-frameworks-${CONFIGURATION}-input-files.xcfilelist",
			);
			name = "[CP] Embed Pods Frameworks";
			outputFileListPaths = (
				"${PODS_ROOT}/Target Support Files/Pods-RandomWeather/Pods-RandomWeather-frameworks-${CONFIGURATION}-output-files.xcfilelist",
			);
			runOnlyForDeploymentPostprocessing = 0;
			shellPath = /bin/sh;
			shellScript = "\"${PODS_ROOT}/Target Support Files/Pods-RandomWeather/Pods-RandomWeather-frameworks.sh\"\n";
			showEnvVarsInLog = 0;
		};
		B1F33ABDE5A5DB03AE344FC7 /* [CP] Embed Pods Frameworks */ = {
			isa = PBXShellScriptBuildPhase;
			buildActionMask = 2147483647;
			files = (
			);
			inputFileListPaths = (
				"${PODS_ROOT}/Target Support Files/Pods-RandomWeatherTests/Pods-RandomWeatherTests-frameworks-${CONFIGURATION}-input-files.xcfilelist",
			);
			name = "[CP] Embed Pods Frameworks";
			outputFileListPaths = (
				"${PODS_ROOT}/Target Support Files/Pods-RandomWeatherTests/Pods-RandomWeatherTests-frameworks-${CONFIGURATION}-output-files.xcfilelist",
			);
			runOnlyForDeploymentPostprocessing = 0;
			shellPath = /bin/sh;
			shellScript = "\"${PODS_ROOT}/Target Support Files/Pods-RandomWeatherTests/Pods-RandomWeatherTests-frameworks.sh\"\n";
			showEnvVarsInLog = 0;
		};
		BD84291297FE38F8FD7B99A4 /* [CP] Check Pods Manifest.lock */ = {
			isa = PBXShellScriptBuildPhase;
			buildActionMask = 2147483647;
			files = (
			);
			inputFileListPaths = (
			);
			inputPaths = (
				"${PODS_PODFILE_DIR_PATH}/Podfile.lock",
				"${PODS_ROOT}/Manifest.lock",
			);
			name = "[CP] Check Pods Manifest.lock";
			outputFileListPaths = (
			);
			outputPaths = (
				"$(DERIVED_FILE_DIR)/Pods-RandomWeatherTests-checkManifestLockResult.txt",
			);
			runOnlyForDeploymentPostprocessing = 0;
			shellPath = /bin/sh;
			shellScript = "diff \"${PODS_PODFILE_DIR_PATH}/Podfile.lock\" \"${PODS_ROOT}/Manifest.lock\" > /dev/null\nif [ $? != 0 ] ; then\n    # print error to STDERR\n    echo \"error: The sandbox is not in sync with the Podfile.lock. Run 'pod install' or update your CocoaPods installation.\" >&2\n    exit 1\nfi\n# This output is used by Xcode 'outputs' to avoid re-running this script phase.\necho \"SUCCESS\" > \"${SCRIPT_OUTPUT_FILE_0}\"\n";
			showEnvVarsInLog = 0;
		};
/* End PBXShellScriptBuildPhase section */

/* Begin PBXSourcesBuildPhase section */
		2C9ABE9C2B8D125100878205 /* Sources */ = {
			isa = PBXSourcesBuildPhase;
			buildActionMask = 2147483647;
			files = (
				2C90A0B12B8FD734004F14BC /* SunInformationViewModel.swift in Sources */,
				2C90A08D2B8F8212004F14BC /* WeatherToMainScreenViewModelMapper.swift in Sources */,
				2C90A0572B8E4FB7004F14BC /* URLSessionProtocol.swift in Sources */,
				2C90A0302B8D1F21004F14BC /* MainViewController.swift in Sources */,
				2C90A0A12B8FB33B004F14BC /* Haptics.swift in Sources */,
				2C90A0322B8D1F21004F14BC /* MainViewState.swift in Sources */,
				2C90A0262B8D1609004F14BC /* View.swift in Sources */,
				2C90A08F2B8F829C004F14BC /* GetInformation.swift in Sources */,
				2C90A07E2B8F272E004F14BC /* MainInformationViewModel.swift in Sources */,
				2C90A02F2B8D1F21004F14BC /* MainView.swift in Sources */,
				2C90A03C2B8E1151004F14BC /* URLSessionAPIClient.swift in Sources */,
				2C90A0AD2B8FBACA004F14BC /* Double+ToCelcius.swift in Sources */,
				2C90A0992B8FA15C004F14BC /* WindInformationViewModel.swift in Sources */,
				2C90A0472B8E1677004F14BC /* GetWeather.swift in Sources */,
				2C90A07C2B8F2701004F14BC /* MainInformationView.swift in Sources */,
				2C90A0AB2B8FBA9A004F14BC /* Double+TimeFormat.swift in Sources */,
				2C90A0A52B8FB6F4004F14BC /* ExtraInformationView.swift in Sources */,
				2C90A09F2B8FABFA004F14BC /* SeparatorView.swift in Sources */,
				2C90A0952B8F9F30004F14BC /* WindInformationView.swift in Sources */,
				2C90A0282B8D161C004F14BC /* Spacing.swift in Sources */,
				2C90A0972B8FA132004F14BC /* UIImage+RotatedByDegrees.swift in Sources */,
				2C90A0502B8E18CF004F14BC /* WeatherRequest.swift in Sources */,
				2C90A03A2B8E1115004F14BC /* APIClient.swift in Sources */,
				2C90A04B2B8E16D5004F14BC /* WeatherDataModelMapper.swift in Sources */,
				2C90A0352B8DE300004F14BC /* WeatherDataModel.swift in Sources */,
				2C9ABEA42B8D125100878205 /* AppDelegate.swift in Sources */,
				2C9ABEA62B8D125100878205 /* SceneDelegate.swift in Sources */,
				2C90A0912B8F8504004F14BC /* GetCoordinates.swift in Sources */,
				2C90A03E2B8E1186004F14BC /* WeatherEndpoint.swift in Sources */,
				2C90A04E2B8E1729004F14BC /* WeatherModel.swift in Sources */,
				2C90A08B2B8F6E85004F14BC /* Double+RoundedToPlaces.swift in Sources */,
				2C90A0312B8D1F21004F14BC /* MainViewModel.swift in Sources */,
				2C90A09D2B8FA6F1004F14BC /* UILabel+Underline.swift in Sources */,
				2C90A0AF2B8FD72A004F14BC /* SunInformationView.swift in Sources */,
				2C90A0A32B8FB439004F14BC /* UIAlertController+show.swift in Sources */,
				2C90A0932B8F851C004F14BC /* WeatherCoordinates.swift in Sources */,
				2C90A0A72B8FB741004F14BC /* ExtraInformationViewModel.swift in Sources */,
				2C90A0382B8E10CA004F14BC /* APIEndpoint.swift in Sources */,
			);
			runOnlyForDeploymentPostprocessing = 0;
		};
		2C9ABEB22B8D125300878205 /* Sources */ = {
			isa = PBXSourcesBuildPhase;
			buildActionMask = 2147483647;
			files = (
				2C90A0BA2B8FE2BA004F14BC /* WeatherDataModelMapperSpec.swift in Sources */,
				2C90A0812B8F2AEE004F14BC /* ST_MainInformationView.swift in Sources */,
				2C90A0B82B8FDF25004F14BC /* WeatherToMainScreenViewModelMapperSpec.swift in Sources */,
				2C90A0B32B8FD879004F14BC /* ST_SunInformationView.swift in Sources */,
				2C90A0A92B8FB805004F14BC /* ST_ExtraInformationView.swift in Sources */,
				2C90A0862B8F5C37004F14BC /* KingFisher+MockImage.swift in Sources */,
				2C90A0BD2B8FE6A6004F14BC /* MainViewModelSpec.swift in Sources */,
				2C90A09B2B8FA232004F14BC /* ST_WindInformationView.swift in Sources */,
			);
			runOnlyForDeploymentPostprocessing = 0;
		};
/* End PBXSourcesBuildPhase section */

/* Begin PBXTargetDependency section */
		2C9ABEB82B8D125300878205 /* PBXTargetDependency */ = {
			isa = PBXTargetDependency;
			target = 2C9ABE9F2B8D125100878205 /* RandomWeather */;
			targetProxy = 2C9ABEB72B8D125300878205 /* PBXContainerItemProxy */;
		};
/* End PBXTargetDependency section */

/* Begin PBXVariantGroup section */
		2C9ABEAE2B8D125300878205 /* LaunchScreen.storyboard */ = {
			isa = PBXVariantGroup;
			children = (
				2C9ABEAF2B8D125300878205 /* Base */,
			);
			name = LaunchScreen.storyboard;
			sourceTree = "<group>";
		};
/* End PBXVariantGroup section */

/* Begin XCBuildConfiguration section */
		2C9ABEC82B8D125400878205 /* Debug */ = {
			isa = XCBuildConfiguration;
			buildSettings = {
				ALWAYS_SEARCH_USER_PATHS = NO;
				ASSETCATALOG_COMPILER_GENERATE_SWIFT_ASSET_SYMBOL_EXTENSIONS = YES;
				CLANG_ANALYZER_NONNULL = YES;
				CLANG_ANALYZER_NUMBER_OBJECT_CONVERSION = YES_AGGRESSIVE;
				CLANG_CXX_LANGUAGE_STANDARD = "gnu++20";
				CLANG_ENABLE_MODULES = YES;
				CLANG_ENABLE_OBJC_ARC = YES;
				CLANG_ENABLE_OBJC_WEAK = YES;
				CLANG_WARN_BLOCK_CAPTURE_AUTORELEASING = YES;
				CLANG_WARN_BOOL_CONVERSION = YES;
				CLANG_WARN_COMMA = YES;
				CLANG_WARN_CONSTANT_CONVERSION = YES;
				CLANG_WARN_DEPRECATED_OBJC_IMPLEMENTATIONS = YES;
				CLANG_WARN_DIRECT_OBJC_ISA_USAGE = YES_ERROR;
				CLANG_WARN_DOCUMENTATION_COMMENTS = YES;
				CLANG_WARN_EMPTY_BODY = YES;
				CLANG_WARN_ENUM_CONVERSION = YES;
				CLANG_WARN_INFINITE_RECURSION = YES;
				CLANG_WARN_INT_CONVERSION = YES;
				CLANG_WARN_NON_LITERAL_NULL_CONVERSION = YES;
				CLANG_WARN_OBJC_IMPLICIT_RETAIN_SELF = YES;
				CLANG_WARN_OBJC_LITERAL_CONVERSION = YES;
				CLANG_WARN_OBJC_ROOT_CLASS = YES_ERROR;
				CLANG_WARN_QUOTED_INCLUDE_IN_FRAMEWORK_HEADER = YES;
				CLANG_WARN_RANGE_LOOP_ANALYSIS = YES;
				CLANG_WARN_STRICT_PROTOTYPES = YES;
				CLANG_WARN_SUSPICIOUS_MOVE = YES;
				CLANG_WARN_UNGUARDED_AVAILABILITY = YES_AGGRESSIVE;
				CLANG_WARN_UNREACHABLE_CODE = YES;
				CLANG_WARN__DUPLICATE_METHOD_MATCH = YES;
				COPY_PHASE_STRIP = NO;
				DEBUG_INFORMATION_FORMAT = dwarf;
				ENABLE_STRICT_OBJC_MSGSEND = YES;
				ENABLE_TESTABILITY = YES;
				ENABLE_USER_SCRIPT_SANDBOXING = YES;
				GCC_C_LANGUAGE_STANDARD = gnu17;
				GCC_DYNAMIC_NO_PIC = NO;
				GCC_NO_COMMON_BLOCKS = YES;
				GCC_OPTIMIZATION_LEVEL = 0;
				GCC_PREPROCESSOR_DEFINITIONS = (
					"DEBUG=1",
					"$(inherited)",
				);
				GCC_WARN_64_TO_32_BIT_CONVERSION = YES;
				GCC_WARN_ABOUT_RETURN_TYPE = YES_ERROR;
				GCC_WARN_UNDECLARED_SELECTOR = YES;
				GCC_WARN_UNINITIALIZED_AUTOS = YES_AGGRESSIVE;
				GCC_WARN_UNUSED_FUNCTION = YES;
				GCC_WARN_UNUSED_VARIABLE = YES;
				IPHONEOS_DEPLOYMENT_TARGET = 15.0;
				LOCALIZATION_PREFERS_STRING_CATALOGS = YES;
				MTL_ENABLE_DEBUG_INFO = INCLUDE_SOURCE;
				MTL_FAST_MATH = YES;
				ONLY_ACTIVE_ARCH = YES;
				SDKROOT = iphoneos;
				SWIFT_ACTIVE_COMPILATION_CONDITIONS = "DEBUG $(inherited)";
				SWIFT_OPTIMIZATION_LEVEL = "-Onone";
			};
			name = Debug;
		};
		2C9ABEC92B8D125400878205 /* Release */ = {
			isa = XCBuildConfiguration;
			buildSettings = {
				ALWAYS_SEARCH_USER_PATHS = NO;
				ASSETCATALOG_COMPILER_GENERATE_SWIFT_ASSET_SYMBOL_EXTENSIONS = YES;
				CLANG_ANALYZER_NONNULL = YES;
				CLANG_ANALYZER_NUMBER_OBJECT_CONVERSION = YES_AGGRESSIVE;
				CLANG_CXX_LANGUAGE_STANDARD = "gnu++20";
				CLANG_ENABLE_MODULES = YES;
				CLANG_ENABLE_OBJC_ARC = YES;
				CLANG_ENABLE_OBJC_WEAK = YES;
				CLANG_WARN_BLOCK_CAPTURE_AUTORELEASING = YES;
				CLANG_WARN_BOOL_CONVERSION = YES;
				CLANG_WARN_COMMA = YES;
				CLANG_WARN_CONSTANT_CONVERSION = YES;
				CLANG_WARN_DEPRECATED_OBJC_IMPLEMENTATIONS = YES;
				CLANG_WARN_DIRECT_OBJC_ISA_USAGE = YES_ERROR;
				CLANG_WARN_DOCUMENTATION_COMMENTS = YES;
				CLANG_WARN_EMPTY_BODY = YES;
				CLANG_WARN_ENUM_CONVERSION = YES;
				CLANG_WARN_INFINITE_RECURSION = YES;
				CLANG_WARN_INT_CONVERSION = YES;
				CLANG_WARN_NON_LITERAL_NULL_CONVERSION = YES;
				CLANG_WARN_OBJC_IMPLICIT_RETAIN_SELF = YES;
				CLANG_WARN_OBJC_LITERAL_CONVERSION = YES;
				CLANG_WARN_OBJC_ROOT_CLASS = YES_ERROR;
				CLANG_WARN_QUOTED_INCLUDE_IN_FRAMEWORK_HEADER = YES;
				CLANG_WARN_RANGE_LOOP_ANALYSIS = YES;
				CLANG_WARN_STRICT_PROTOTYPES = YES;
				CLANG_WARN_SUSPICIOUS_MOVE = YES;
				CLANG_WARN_UNGUARDED_AVAILABILITY = YES_AGGRESSIVE;
				CLANG_WARN_UNREACHABLE_CODE = YES;
				CLANG_WARN__DUPLICATE_METHOD_MATCH = YES;
				COPY_PHASE_STRIP = NO;
				DEBUG_INFORMATION_FORMAT = "dwarf-with-dsym";
				ENABLE_NS_ASSERTIONS = NO;
				ENABLE_STRICT_OBJC_MSGSEND = YES;
				ENABLE_USER_SCRIPT_SANDBOXING = YES;
				GCC_C_LANGUAGE_STANDARD = gnu17;
				GCC_NO_COMMON_BLOCKS = YES;
				GCC_WARN_64_TO_32_BIT_CONVERSION = YES;
				GCC_WARN_ABOUT_RETURN_TYPE = YES_ERROR;
				GCC_WARN_UNDECLARED_SELECTOR = YES;
				GCC_WARN_UNINITIALIZED_AUTOS = YES_AGGRESSIVE;
				GCC_WARN_UNUSED_FUNCTION = YES;
				GCC_WARN_UNUSED_VARIABLE = YES;
				IPHONEOS_DEPLOYMENT_TARGET = 15.0;
				LOCALIZATION_PREFERS_STRING_CATALOGS = YES;
				MTL_ENABLE_DEBUG_INFO = NO;
				MTL_FAST_MATH = YES;
				SDKROOT = iphoneos;
				SWIFT_COMPILATION_MODE = wholemodule;
				VALIDATE_PRODUCT = YES;
			};
			name = Release;
		};
		2C9ABECB2B8D125400878205 /* Debug */ = {
			isa = XCBuildConfiguration;
			baseConfigurationReference = 7FBB458DF0BBFC5F54E59A6E /* Pods-RandomWeather.debug.xcconfig */;
			buildSettings = {
				ALWAYS_EMBED_SWIFT_STANDARD_LIBRARIES = "$(inherited)";
				ASSETCATALOG_COMPILER_APPICON_NAME = AppIcon;
				ASSETCATALOG_COMPILER_GLOBAL_ACCENT_COLOR_NAME = AccentColor;
				CODE_SIGN_STYLE = Automatic;
				CURRENT_PROJECT_VERSION = 1;
				ENABLE_USER_SCRIPT_SANDBOXING = NO;
				GENERATE_INFOPLIST_FILE = YES;
				INFOPLIST_FILE = RandomWeather/Info.plist;
				INFOPLIST_KEY_UIApplicationSupportsIndirectInputEvents = YES;
				INFOPLIST_KEY_UILaunchStoryboardName = LaunchScreen;
				INFOPLIST_KEY_UISupportedInterfaceOrientations_iPad = "UIInterfaceOrientationPortrait UIInterfaceOrientationPortraitUpsideDown UIInterfaceOrientationLandscapeLeft UIInterfaceOrientationLandscapeRight";
				INFOPLIST_KEY_UISupportedInterfaceOrientations_iPhone = "UIInterfaceOrientationPortrait UIInterfaceOrientationLandscapeLeft UIInterfaceOrientationLandscapeRight";
				IPHONEOS_DEPLOYMENT_TARGET = 15.0;
				LD_RUNPATH_SEARCH_PATHS = (
					"$(inherited)",
					"@executable_path/Frameworks",
				);
				MARKETING_VERSION = 1.0;
				PRODUCT_BUNDLE_IDENTIFIER = norolim.RandomWeather;
				PRODUCT_NAME = "$(TARGET_NAME)";
				SWIFT_EMIT_LOC_STRINGS = YES;
				SWIFT_VERSION = 5.0;
				TARGETED_DEVICE_FAMILY = "1,2";
			};
			name = Debug;
		};
		2C9ABECC2B8D125400878205 /* Release */ = {
			isa = XCBuildConfiguration;
			baseConfigurationReference = 1DBE285E97E999C13E8886B4 /* Pods-RandomWeather.release.xcconfig */;
			buildSettings = {
				ALWAYS_EMBED_SWIFT_STANDARD_LIBRARIES = "$(inherited)";
				ASSETCATALOG_COMPILER_APPICON_NAME = AppIcon;
				ASSETCATALOG_COMPILER_GLOBAL_ACCENT_COLOR_NAME = AccentColor;
				CODE_SIGN_STYLE = Automatic;
				CURRENT_PROJECT_VERSION = 1;
				ENABLE_USER_SCRIPT_SANDBOXING = NO;
				GENERATE_INFOPLIST_FILE = YES;
				INFOPLIST_FILE = RandomWeather/Info.plist;
				INFOPLIST_KEY_UIApplicationSupportsIndirectInputEvents = YES;
				INFOPLIST_KEY_UILaunchStoryboardName = LaunchScreen;
				INFOPLIST_KEY_UISupportedInterfaceOrientations_iPad = "UIInterfaceOrientationPortrait UIInterfaceOrientationPortraitUpsideDown UIInterfaceOrientationLandscapeLeft UIInterfaceOrientationLandscapeRight";
				INFOPLIST_KEY_UISupportedInterfaceOrientations_iPhone = "UIInterfaceOrientationPortrait UIInterfaceOrientationLandscapeLeft UIInterfaceOrientationLandscapeRight";
				IPHONEOS_DEPLOYMENT_TARGET = 15.0;
				LD_RUNPATH_SEARCH_PATHS = (
					"$(inherited)",
					"@executable_path/Frameworks",
				);
				MARKETING_VERSION = 1.0;
				PRODUCT_BUNDLE_IDENTIFIER = norolim.RandomWeather;
				PRODUCT_NAME = "$(TARGET_NAME)";
				SWIFT_EMIT_LOC_STRINGS = YES;
				SWIFT_VERSION = 5.0;
				TARGETED_DEVICE_FAMILY = "1,2";
			};
			name = Release;
		};
		2C9ABECE2B8D125400878205 /* Debug */ = {
			isa = XCBuildConfiguration;
			baseConfigurationReference = D596AB2D550AA5A37717C45D /* Pods-RandomWeatherTests.debug.xcconfig */;
			buildSettings = {
				ALWAYS_EMBED_SWIFT_STANDARD_LIBRARIES = "$(inherited)";
				BUNDLE_LOADER = "$(TEST_HOST)";
				CLANG_ENABLE_MODULES = YES;
				CODE_SIGN_STYLE = Automatic;
				CURRENT_PROJECT_VERSION = 1;
				ENABLE_USER_SCRIPT_SANDBOXING = NO;
				GENERATE_INFOPLIST_FILE = YES;
				IPHONEOS_DEPLOYMENT_TARGET = 15.0;
				MARKETING_VERSION = 1.0;
				PRODUCT_BUNDLE_IDENTIFIER = norolim.RandomWeatherTests;
				PRODUCT_NAME = "$(TARGET_NAME)";
				SWIFT_EMIT_LOC_STRINGS = NO;
				SWIFT_OPTIMIZATION_LEVEL = "-Onone";
				SWIFT_VERSION = 5.0;
				TARGETED_DEVICE_FAMILY = "1,2";
				TEST_HOST = "$(BUILT_PRODUCTS_DIR)/RandomWeather.app/$(BUNDLE_EXECUTABLE_FOLDER_PATH)/RandomWeather";
			};
			name = Debug;
		};
		2C9ABECF2B8D125400878205 /* Release */ = {
			isa = XCBuildConfiguration;
			baseConfigurationReference = 5F76AE7D9F6BCC9FCC739D77 /* Pods-RandomWeatherTests.release.xcconfig */;
			buildSettings = {
				ALWAYS_EMBED_SWIFT_STANDARD_LIBRARIES = "$(inherited)";
				BUNDLE_LOADER = "$(TEST_HOST)";
				CLANG_ENABLE_MODULES = YES;
				CODE_SIGN_STYLE = Automatic;
				CURRENT_PROJECT_VERSION = 1;
				ENABLE_USER_SCRIPT_SANDBOXING = NO;
				GENERATE_INFOPLIST_FILE = YES;
				IPHONEOS_DEPLOYMENT_TARGET = 15.0;
				MARKETING_VERSION = 1.0;
				PRODUCT_BUNDLE_IDENTIFIER = norolim.RandomWeatherTests;
				PRODUCT_NAME = "$(TARGET_NAME)";
				SWIFT_EMIT_LOC_STRINGS = NO;
				SWIFT_VERSION = 5.0;
				TARGETED_DEVICE_FAMILY = "1,2";
				TEST_HOST = "$(BUILT_PRODUCTS_DIR)/RandomWeather.app/$(BUNDLE_EXECUTABLE_FOLDER_PATH)/RandomWeather";
			};
			name = Release;
		};
/* End XCBuildConfiguration section */

/* Begin XCConfigurationList section */
		2C9ABE9B2B8D125100878205 /* Build configuration list for PBXProject "RandomWeather" */ = {
			isa = XCConfigurationList;
			buildConfigurations = (
				2C9ABEC82B8D125400878205 /* Debug */,
				2C9ABEC92B8D125400878205 /* Release */,
			);
			defaultConfigurationIsVisible = 0;
			defaultConfigurationName = Release;
		};
		2C9ABECA2B8D125400878205 /* Build configuration list for PBXNativeTarget "RandomWeather" */ = {
			isa = XCConfigurationList;
			buildConfigurations = (
				2C9ABECB2B8D125400878205 /* Debug */,
				2C9ABECC2B8D125400878205 /* Release */,
			);
			defaultConfigurationIsVisible = 0;
			defaultConfigurationName = Release;
		};
		2C9ABECD2B8D125400878205 /* Build configuration list for PBXNativeTarget "RandomWeatherTests" */ = {
			isa = XCConfigurationList;
			buildConfigurations = (
				2C9ABECE2B8D125400878205 /* Debug */,
				2C9ABECF2B8D125400878205 /* Release */,
			);
			defaultConfigurationIsVisible = 0;
			defaultConfigurationName = Release;
		};
/* End XCConfigurationList section */
	};
	rootObject = 2C9ABE982B8D125100878205 /* Project object */;
}
